# Reviewed dependency baseline for baton.
# Regenerate with: ./packaging/verify-deps.sh --update
# Format: identity revision version location
# Baselined 2026-07-31 01:21:32Z by nicoherrera
fluidaudio 19600a485baa4998812e4654b70d2bab8f2c9949 0.15.5 https://github.com/FluidInference/FluidAudio.git
swift-argument-parser 6a52f3251125d74daf04fcbd5e6f08a75d074382 1.8.2 https://github.com/apple/swift-argument-parser.git
